
Microsoft Visual Studio Solution File, Format Version 12.00
# Visual Studio Version 17
VisualStudioVersion = 17.3.32505.426
MinimumVisualStudioVersion = 10.0.40219.1
Project("{9A19103F-16F7-4668-BE54-9A1E7A4F7556}") = "Codes.Generator", "Codes.Generator.csproj", "{E882CBFD-F468-43BD-948A-77DA3A6C68E7}"
EndProject
Global
	GlobalSection(SolutionConfigurationPlatforms) = preSolution
		Debug|Any CPU = Debug|Any CPU
		Release|Any CPU = Release|Any CPU
	EndGlobalSection
	GlobalSection(ProjectConfigurationPlatforms) = postSolution
		{E882CBFD-F468-43BD-948A-77DA3A6C68E7}.Debug|Any CPU.ActiveCfg = Debug|Any CPU
		{E882CBFD-F468-43BD-948A-77DA3A6C68E7}.Debug|Any CPU.Build.0 = Debug|Any CPU
		{E882CBFD-F468-43BD-948A-77DA3A6C68E7}.Release|Any CPU.ActiveCfg = Release|Any CPU
		{E882CBFD-F468-43BD-948A-77DA3A6C68E7}.Release|Any CPU.Build.0 = Release|Any CPU
	EndGlobalSection
	GlobalSection(SolutionProperties) = preSolution
		HideSolutionNode = FALSE
	EndGlobalSection
	GlobalSection(ExtensibilityGlobals) = postSolution
		SolutionGuid = {A1947D2C-FAD9-47F7-B890-D6CB4E72172B}
	EndGlobalSection
EndGlobal
